{
  "version": 4,
  "terraform_version": "1.11.3",
  "serial": 14,
  "lineage": "d5052431-9cb3-1abd-c729-c25fc99ed433",
  "outputs": {
    "key_data": {
      "value": "ssh-rsa AAAAB3NzaC1yc2EAAAADAQABAAABgQCdePU7AU1b5JUC7iLNnOVMdxQJc7s3a06QLnnZlSesWU4I7SH9iepr+J1vRBCzZFW7XcaR0L7YJGJoCZk6UuR3b4TYa6Xkaq6CSjdMn2tvizx4IjbIXW6phLDmkej+TEwAkF/v+SgoT8XysWZZyM+NVgtc70rvo34fQ6V1uTuSQ9IWBE8pz9wqk8cRhjdxTAh4qvPj7J6KJZu7oir8tdPR+v/tAYgC9b5LC4so2M1dC+srgT1i6Z92AshlgkhKaXDkyLYXUs2K7lvEW7z3kTSDY3glU7klAU6pDjD7DW54aY5fVkVCzAXea7d/Hxw1NKqcP3iWddAnLmAGHJNozAKccEueqGGx3fk+ddz1iU1XqjZHzNRfZHaC/mk7C9/OI+B65xxHhnzNTCiGwhjVnjwMUMMFhFMzEWzACdwqGpjGZpa0Ujb61RnVoUdOaMyiUzrHgWgMkdnz6O0+sfeAt/lt/jPy7LbWkltArsOHA40DDWLLfq63CbofBE+SG6FQyhk= generated-by-azure",
      "type": "string"
    },
    "public_ip_address": {
      "value": "40.114.4.78",
      "type": "string"
    },
    "resource_group_name": {
      "value": "rg-inspired-husky",
      "type": "string"
    }
  },
  "resources": [
    {
      "mode": "managed",
      "type": "azapi_resource",
      "name": "ssh_public_key",
      "provider": "provider[\"registry.terraform.io/azure/azapi\"]",
      "instances": [
        {
          "schema_version": 1,
          "attributes": {
            "body": {
              "value": "{}",
              "type": "string"
            },
            "id": "/subscriptions/e34d9c9a-49b3-473e-b54e-576b28da1565/resourceGroups/rg-inspired-husky/providers/Microsoft.Compute/sshPublicKeys/sshprecisecub",
            "identity": [],
            "ignore_body_changes": null,
            "ignore_casing": false,
            "ignore_missing_property": true,
            "location": "eastus",
            "locks": null,
            "name": "sshprecisecub",
            "output": {
              "value": "{}",
              "type": "string"
            },
            "parent_id": "/subscriptions/e34d9c9a-49b3-473e-b54e-576b28da1565/resourceGroups/rg-inspired-husky",
            "removing_special_chars": false,
            "response_export_values": null,
            "schema_validation_enabled": true,
            "tags": null,
            "timeouts": null,
            "type": "Microsoft.Compute/sshPublicKeys@2022-11-01"
          },
          "sensitive_attributes": [],
          "dependencies": [
            "azurerm_resource_group.rg",
            "random_pet.rg_name",
            "random_pet.ssh_key_name"
          ]
        }
      ]
    },
    {
      "mode": "managed",
      "type": "azapi_resource_action",
      "name": "ssh_public_key_gen",
      "provider": "provider[\"registry.terraform.io/azure/azapi\"]",
      "instances": [
        {
          "schema_version": 1,
          "attributes": {
            "action": "generateKeyPair",
            "body": null,
            "id": "/subscriptions/e34d9c9a-49b3-473e-b54e-576b28da1565/resourceGroups/rg-inspired-husky/providers/Microsoft.Compute/sshPublicKeys/sshprecisecub/generateKeyPair",
            "locks": null,
            "method": "POST",
            "output": {
              "value": {
                "privateKey": "-----BEGIN RSA PRIVATE KEY-----\r\nMIIG4wIBAAKCAYEAnXj1OwFNW+SVAu4izZzlTHcUCXO7N2tOkC552ZUnrFlOCO0h\r\n/Ynqa/idb0QQs2RVu13GkdC+2CRiaAmZOlLkd2+E2Gul5Gqugko3TJ9rb4s8eCI2\r\nyF1uqYSw5pHo/kxMAJBf7/koKE/F8rFmWcjPjVYLXO9K76N+H0Oldbk7kkPSFgRP\r\nKc/cKpPHEYY3cUwIeKrz4+yeiiWbu6Iq/LXT0fr/7QGIAvW+SwuLKNjNXQvrK4E9\r\nYumfdgLIZYJISmlw5Mi2F1LNiu5bxFu895E0g2N4JVO5JQFOqQ4w+w1ueGmOX1ZF\r\nQswF3mu3fx8cNTSqnD94lnXQJy5gBhyTaMwCnHBLnqhhsd35PnXc9YlNV6o2R8zU\r\nX2R2gv5pOwvfziPgeuccR4Z8zUwohsIY1Z48DFDDBYRTMxFswAncKhqYxmaWtFI2\r\n+tUZ1aFHTmjMolM6x4FoDJHZ8+jtPrH3gLf5bf4z8uy21pJbQK7DhwONAw1iy36u\r\ntwm6HwRPkhuhUMoZAgMBAAECggGAIedO9Rs8qpI2OuFGgPpMq//fQoG2RyJFUemP\r\ntnbUidjYYjeb39h3rjNiwffnmJf7lVGFVROaYzLCNSAL63C5W7WY5neWyezmEYsl\r\nCMwx91wE8uB65vymvLyi0aGMhmOq4Vw0K5h7OuKh/bSQEriXZxilbabffWS33MdV\r\nsljlKIKNksvut1PXVRtn+q/o8+2ozUIRLHtfTuL1+pnZo3sKVeUygLaZr/l0tPeR\r\nSIQVAvlz8nPq4YbnHCNRPfmk0tCMdVoG17DiEBLWpEIFf4WR0EpHsYbVvzNW7hys\r\n+B3BjK7kA5qO/Cd7xgQ75CoMBUUNCISlr4BWLQWhEGxa/rhNNara2tIM/9aAWKRO\r\nQU//XuGWOhlzaNRXQN+kUiTrr6LGAPznZpaF/P4s6XZspEmKqO36/q4D1gqnk59E\r\nyM0UZWQMtytlAFbRngOmk8zovfBtXW5XySLYHy5i8cjrtimTI3ZHz3EAeg0q7si2\r\nSZvlTsp9qGcqSuuZ+TdJ8roNkcA5AoHBAM20IjWvhfgbmUFJ3QlC1pMi4cKefIWG\r\nQ7LXfJKdHZWk7jItZmfNuKYbrWolWe8vaTrgUjggCU8LPP2nxqLJhDudrq/Fw9y7\r\ndpd/SDPfiISpeaJdWYUxwnauzJzzz237QEMrp2hikyrWqFlSwkuvHCDaSockA3ZF\r\nuE/WhVOJpZ/MMD22ar5OrrZFIxRZrf1dvlL9WqJJXCWXFpNxOLbwAUHo6x+xZovt\r\nbh8Yk0S7Z5QeOKJwPRTZp2pPPLc60LdV2wKBwQDD+dTENu7fVbREkp9+ojyYCd4z\r\nIIMptjkzU7bTJMYec3oRGZVTkHbZdcdhZU7lObhMZ2th5AZkrX66RQ7CP6x2YCgP\r\nkBGD72Es66SC/foc5pc0VjvIGIDKLloSg6fu+St9KvUUl2bLfu/WSYaa8vQvq2Ck\r\nPaYPxg0Uq81rq07pDa4SBVoDDQFVL5I4eMaP5ENFPXQUIMV4kN2YtoowjpO/x21e\r\n2MLv71TpNETBPozM9KwMl8+vpuUBrxoAzCBS9BsCgcABB43ERwScoUa7FOuOSE9a\r\nnSoUF0b4RBvCoWF2OmMThKfMiH2it1zdN/Y+OcGheNNGAClpLn/dbWj4vAY6ele3\r\nFKrzJkI8sJN/Xpu15sCAKXj6Xw07pWwbu/Q6NN4s5r0DmQxVcWjbJgfhqpBeYJn7\r\ncBw/YObDiMXLYH96U44IprT3GhqeqTYmo2HxkCFWy0lQkQQLG+LiLUdnpYFrKPhY\r\npBnJJtIkkSOj9DOIfIegLiaKaZVkrVIxLgRXxmuU/1ECgcAuebMBjV18zWBg2rzE\r\nVUk1bTGqwk0YuUQ7beDvlcr+MbiDEaQeGyZ0T8Am0tWw+s1AIU6P+nmhqpthJTto\r\nyZzmvcsCVdIxjbVn58It5nlIHU9CdCjdPSJd0DxAI8TRoXm0x1kztuwD2miaUvl/\r\nCZrrKyNSD+Sv3PIBMvUWUZv3HO1pDKfaDV2BjDSK++lq+mERrI84rsTl4MUMkE2Z\r\nUlarpmnDkng4WnOykliz01eky2l52w6/wz6P9aye/8myon0CgcEAv5vp+K0TfAwc\r\nImZ41jWoQ8VZZ57PyjWro48bQBVL2nE0nr9SW8sbmTUPqA0JBugSlUeZZ5Ax3qxu\r\nlwXkXkZs4sZvas2SLOf/WxvCBAPcp+qVFv9qXisr0R2gxzURJkLiYN6+OZvRvdsv\r\n/zkrHR++a/EG175KWtcpR1df+c9jJMioWu6Oy9SJ7EOxTOeSNFvES1Xw3ojTF8Kv\r\nBV5U6HnV2ApWNs0FBfyDkGytjfQHEVYSAgAAC2FDCjjge1pFw8sX\r\n-----END RSA PRIVATE KEY-----\r\n",
                "publicKey": "ssh-rsa AAAAB3NzaC1yc2EAAAADAQABAAABgQCdePU7AU1b5JUC7iLNnOVMdxQJc7s3a06QLnnZlSesWU4I7SH9iepr+J1vRBCzZFW7XcaR0L7YJGJoCZk6UuR3b4TYa6Xkaq6CSjdMn2tvizx4IjbIXW6phLDmkej+TEwAkF/v+SgoT8XysWZZyM+NVgtc70rvo34fQ6V1uTuSQ9IWBE8pz9wqk8cRhjdxTAh4qvPj7J6KJZu7oir8tdPR+v/tAYgC9b5LC4so2M1dC+srgT1i6Z92AshlgkhKaXDkyLYXUs2K7lvEW7z3kTSDY3glU7klAU6pDjD7DW54aY5fVkVCzAXea7d/Hxw1NKqcP3iWddAnLmAGHJNozAKccEueqGGx3fk+ddz1iU1XqjZHzNRfZHaC/mk7C9/OI+B65xxHhnzNTCiGwhjVnjwMUMMFhFMzEWzACdwqGpjGZpa0Ujb61RnVoUdOaMyiUzrHgWgMkdnz6O0+sfeAt/lt/jPy7LbWkltArsOHA40DDWLLfq63CbofBE+SG6FQyhk= generated-by-azure"
              },
              "type": [
                "object",
                {
                  "privateKey": "string",
                  "publicKey": "string"
                }
              ]
            },
            "resource_id": "/subscriptions/e34d9c9a-49b3-473e-b54e-576b28da1565/resourceGroups/rg-inspired-husky/providers/Microsoft.Compute/sshPublicKeys/sshprecisecub",
            "response_export_values": [
              "publicKey",
              "privateKey"
            ],
            "timeouts": null,
            "type": "Microsoft.Compute/sshPublicKeys@2022-11-01",
            "when": "apply"
          },
          "sensitive_attributes": [],
          "dependencies": [
            "azapi_resource.ssh_public_key",
            "azurerm_resource_group.rg",
            "random_pet.rg_name",
            "random_pet.ssh_key_name"
          ]
        }
      ]
    },
    {
      "mode": "managed",
      "type": "azurerm_linux_virtual_machine",
      "name": "my_terraform_vm",
      "provider": "provider[\"registry.terraform.io/hashicorp/azurerm\"]",
      "instances": [
        {
          "schema_version": 0,
          "attributes": {
            "additional_capabilities": [],
            "admin_password": null,
            "admin_ssh_key": [
              {
                "public_key": "ssh-rsa AAAAB3NzaC1yc2EAAAADAQABAAABgQCdePU7AU1b5JUC7iLNnOVMdxQJc7s3a06QLnnZlSesWU4I7SH9iepr+J1vRBCzZFW7XcaR0L7YJGJoCZk6UuR3b4TYa6Xkaq6CSjdMn2tvizx4IjbIXW6phLDmkej+TEwAkF/v+SgoT8XysWZZyM+NVgtc70rvo34fQ6V1uTuSQ9IWBE8pz9wqk8cRhjdxTAh4qvPj7J6KJZu7oir8tdPR+v/tAYgC9b5LC4so2M1dC+srgT1i6Z92AshlgkhKaXDkyLYXUs2K7lvEW7z3kTSDY3glU7klAU6pDjD7DW54aY5fVkVCzAXea7d/Hxw1NKqcP3iWddAnLmAGHJNozAKccEueqGGx3fk+ddz1iU1XqjZHzNRfZHaC/mk7C9/OI+B65xxHhnzNTCiGwhjVnjwMUMMFhFMzEWzACdwqGpjGZpa0Ujb61RnVoUdOaMyiUzrHgWgMkdnz6O0+sfeAt/lt/jPy7LbWkltArsOHA40DDWLLfq63CbofBE+SG6FQyhk= generated-by-azure",
                "username": "azureadmin"
              }
            ],
            "admin_username": "azureadmin",
            "allow_extension_operations": true,
            "availability_set_id": "",
            "boot_diagnostics": [
              {
                "storage_account_uri": "https://diag40cd13cc14e772bd.blob.core.windows.net/"
              }
            ],
            "bypass_platform_safety_checks_on_user_schedule_enabled": false,
            "capacity_reservation_group_id": "",
            "computer_name": "hostname",
            "custom_data": null,
            "dedicated_host_group_id": "",
            "dedicated_host_id": "",
            "disable_password_authentication": true,
            "disk_controller_type": "SCSI",
            "edge_zone": "",
            "encryption_at_host_enabled": false,
            "eviction_policy": "",
            "extensions_time_budget": "PT1H30M",
            "gallery_application": [],
            "id": "/subscriptions/e34d9c9a-49b3-473e-b54e-576b28da1565/resourceGroups/rg-inspired-husky/providers/Microsoft.Compute/virtualMachines/myVM",
            "identity": [],
            "license_type": "",
            "location": "eastus",
            "max_bid_price": -1,
            "name": "myVM",
            "network_interface_ids": [
              "/subscriptions/e34d9c9a-49b3-473e-b54e-576b28da1565/resourceGroups/rg-inspired-husky/providers/Microsoft.Network/networkInterfaces/myNIC"
            ],
            "os_disk": [
              {
                "caching": "ReadWrite",
                "diff_disk_settings": [],
                "disk_encryption_set_id": "",
                "disk_size_gb": 30,
                "name": "myOsDisk",
                "secure_vm_disk_encryption_set_id": "",
                "security_encryption_type": "",
                "storage_account_type": "Premium_LRS",
                "write_accelerator_enabled": false
              }
            ],
            "os_image_notification": [],
            "patch_assessment_mode": "ImageDefault",
            "patch_mode": "ImageDefault",
            "plan": [],
            "platform_fault_domain": -1,
            "priority": "Regular",
            "private_ip_address": "10.0.1.4",
            "private_ip_addresses": [
              "10.0.1.4"
            ],
            "provision_vm_agent": true,
            "proximity_placement_group_id": "",
            "public_ip_address": "40.114.4.78",
            "public_ip_addresses": [
              "40.114.4.78"
            ],
            "reboot_setting": "",
            "resource_group_name": "rg-inspired-husky",
            "secret": [],
            "secure_boot_enabled": false,
            "size": "Standard_DS1_v2",
            "source_image_id": "",
            "source_image_reference": [
              {
                "offer": "0001-com-ubuntu-server-jammy",
                "publisher": "Canonical",
                "sku": "22_04-lts-gen2",
                "version": "latest"
              }
            ],
            "tags": null,
            "termination_notification": null,
            "timeouts": null,
            "user_data": "",
            "virtual_machine_id": "f7c5a3de-45d3-4e0d-8a66-b53211b5f92b",
            "virtual_machine_scale_set_id": "",
            "vm_agent_platform_updates_enabled": false,
            "vtpm_enabled": false,
            "zone": ""
          },
          "sensitive_attributes": [
            [
              {
                "type": "get_attr",
                "value": "custom_data"
              }
            ],
            [
              {
                "type": "get_attr",
                "value": "admin_password"
              }
            ]
          ],
          "private": "eyJlMmJmYjczMC1lY2FhLTExZTYtOGY4OC0zNDM2M2JjN2M0YzAiOnsiY3JlYXRlIjoyNzAwMDAwMDAwMDAwLCJkZWxldGUiOjI3MDAwMDAwMDAwMDAsInJlYWQiOjMwMDAwMDAwMDAwMCwidXBkYXRlIjoyNzAwMDAwMDAwMDAwfX0=",
          "dependencies": [
            "azapi_resource.ssh_public_key",
            "azapi_resource_action.ssh_public_key_gen",
            "azurerm_network_interface.my_terraform_nic",
            "azurerm_public_ip.my_terraform_public_ip",
            "azurerm_resource_group.rg",
            "azurerm_storage_account.my_storage_account",
            "azurerm_subnet.my_terraform_subnet",
            "azurerm_virtual_network.my_terraform_network",
            "random_id.random_id",
            "random_pet.rg_name",
            "random_pet.ssh_key_name"
          ]
        }
      ]
    },
    {
      "mode": "managed",
      "type": "azurerm_network_interface",
      "name": "my_terraform_nic",
      "provider": "provider[\"registry.terraform.io/hashicorp/azurerm\"]",
      "instances": [
        {
          "schema_version": 0,
          "attributes": {
            "accelerated_networking_enabled": false,
            "applied_dns_servers": [],
            "auxiliary_mode": "",
            "auxiliary_sku": "",
            "dns_servers": [],
            "edge_zone": "",
            "enable_accelerated_networking": false,
            "enable_ip_forwarding": false,
            "id": "/subscriptions/e34d9c9a-49b3-473e-b54e-576b28da1565/resourceGroups/rg-inspired-husky/providers/Microsoft.Network/networkInterfaces/myNIC",
            "internal_dns_name_label": "",
            "internal_domain_name_suffix": "zfujzwapoalund4gobuvnrrxfh.bx.internal.cloudapp.net",
            "ip_configuration": [
              {
                "gateway_load_balancer_frontend_ip_configuration_id": "",
                "name": "my_nic_configuration",
                "primary": true,
                "private_ip_address": "10.0.1.4",
                "private_ip_address_allocation": "Dynamic",
                "private_ip_address_version": "IPv4",
                "public_ip_address_id": "/subscriptions/e34d9c9a-49b3-473e-b54e-576b28da1565/resourceGroups/rg-inspired-husky/providers/Microsoft.Network/publicIPAddresses/myPublicIP",
                "subnet_id": "/subscriptions/e34d9c9a-49b3-473e-b54e-576b28da1565/resourceGroups/rg-inspired-husky/providers/Microsoft.Network/virtualNetworks/myVnet/subnets/mySubnet"
              }
            ],
            "ip_forwarding_enabled": false,
            "location": "eastus",
            "mac_address": "",
            "name": "myNIC",
            "private_ip_address": "10.0.1.4",
            "private_ip_addresses": [
              "10.0.1.4"
            ],
            "resource_group_name": "rg-inspired-husky",
            "tags": null,
            "timeouts": null,
            "virtual_machine_id": ""
          },
          "sensitive_attributes": [],
          "private": "eyJlMmJmYjczMC1lY2FhLTExZTYtOGY4OC0zNDM2M2JjN2M0YzAiOnsiY3JlYXRlIjoxODAwMDAwMDAwMDAwLCJkZWxldGUiOjE4MDAwMDAwMDAwMDAsInJlYWQiOjMwMDAwMDAwMDAwMCwidXBkYXRlIjoxODAwMDAwMDAwMDAwfX0=",
          "dependencies": [
            "azurerm_public_ip.my_terraform_public_ip",
            "azurerm_resource_group.rg",
            "azurerm_subnet.my_terraform_subnet",
            "azurerm_virtual_network.my_terraform_network",
            "random_pet.rg_name"
          ]
        }
      ]
    },
    {
      "mode": "managed",
      "type": "azurerm_network_interface_security_group_association",
      "name": "example",
      "provider": "provider[\"registry.terraform.io/hashicorp/azurerm\"]",
      "instances": [
        {
          "schema_version": 0,
          "attributes": {
            "id": "/subscriptions/e34d9c9a-49b3-473e-b54e-576b28da1565/resourceGroups/rg-inspired-husky/providers/Microsoft.Network/networkInterfaces/myNIC|/subscriptions/e34d9c9a-49b3-473e-b54e-576b28da1565/resourceGroups/rg-inspired-husky/providers/Microsoft.Network/networkSecurityGroups/myNetworkSecurityGroup",
            "network_interface_id": "/subscriptions/e34d9c9a-49b3-473e-b54e-576b28da1565/resourceGroups/rg-inspired-husky/providers/Microsoft.Network/networkInterfaces/myNIC",
            "network_security_group_id": "/subscriptions/e34d9c9a-49b3-473e-b54e-576b28da1565/resourceGroups/rg-inspired-husky/providers/Microsoft.Network/networkSecurityGroups/myNetworkSecurityGroup",
            "timeouts": null
          },
          "sensitive_attributes": [],
          "private": "eyJlMmJmYjczMC1lY2FhLTExZTYtOGY4OC0zNDM2M2JjN2M0YzAiOnsiY3JlYXRlIjoxODAwMDAwMDAwMDAwLCJkZWxldGUiOjE4MDAwMDAwMDAwMDAsInJlYWQiOjMwMDAwMDAwMDAwMH19",
          "dependencies": [
            "azurerm_network_interface.my_terraform_nic",
            "azurerm_network_security_group.my_terraform_nsg",
            "azurerm_public_ip.my_terraform_public_ip",
            "azurerm_resource_group.rg",
            "azurerm_subnet.my_terraform_subnet",
            "azurerm_virtual_network.my_terraform_network",
            "random_pet.rg_name"
          ]
        }
      ]
    },
    {
      "mode": "managed",
      "type": "azurerm_network_security_group",
      "name": "my_terraform_nsg",
      "provider": "provider[\"registry.terraform.io/hashicorp/azurerm\"]",
      "instances": [
        {
          "schema_version": 0,
          "attributes": {
            "id": "/subscriptions/e34d9c9a-49b3-473e-b54e-576b28da1565/resourceGroups/rg-inspired-husky/providers/Microsoft.Network/networkSecurityGroups/myNetworkSecurityGroup",
            "location": "eastus",
            "name": "myNetworkSecurityGroup",
            "resource_group_name": "rg-inspired-husky",
            "security_rule": [
              {
                "access": "Allow",
                "description": "",
                "destination_address_prefix": "*",
                "destination_address_prefixes": [],
                "destination_application_security_group_ids": [],
                "destination_port_range": "22",
                "destination_port_ranges": [],
                "direction": "Inbound",
                "name": "SSH",
                "priority": 1001,
                "protocol": "Tcp",
                "source_address_prefix": "*",
                "source_address_prefixes": [],
                "source_application_security_group_ids": [],
                "source_port_range": "*",
                "source_port_ranges": []
              }
            ],
            "tags": null,
            "timeouts": null
          },
          "sensitive_attributes": [],
          "private": "eyJlMmJmYjczMC1lY2FhLTExZTYtOGY4OC0zNDM2M2JjN2M0YzAiOnsiY3JlYXRlIjoxODAwMDAwMDAwMDAwLCJkZWxldGUiOjE4MDAwMDAwMDAwMDAsInJlYWQiOjMwMDAwMDAwMDAwMCwidXBkYXRlIjoxODAwMDAwMDAwMDAwfX0=",
          "dependencies": [
            "azurerm_resource_group.rg",
            "random_pet.rg_name"
          ]
        }
      ]
    },
    {
      "mode": "managed",
      "type": "azurerm_public_ip",
      "name": "my_terraform_public_ip",
      "provider": "provider[\"registry.terraform.io/hashicorp/azurerm\"]",
      "instances": [
        {
          "schema_version": 0,
          "attributes": {
            "allocation_method": "Dynamic",
            "ddos_protection_mode": "VirtualNetworkInherited",
            "ddos_protection_plan_id": null,
            "domain_name_label": null,
            "edge_zone": "",
            "fqdn": null,
            "id": "/subscriptions/e34d9c9a-49b3-473e-b54e-576b28da1565/resourceGroups/rg-inspired-husky/providers/Microsoft.Network/publicIPAddresses/myPublicIP",
            "idle_timeout_in_minutes": 4,
            "ip_address": "",
            "ip_tags": null,
            "ip_version": "IPv4",
            "location": "eastus",
            "name": "myPublicIP",
            "public_ip_prefix_id": null,
            "resource_group_name": "rg-inspired-husky",
            "reverse_fqdn": null,
            "sku": "Basic",
            "sku_tier": "Regional",
            "tags": null,
            "timeouts": null,
            "zones": null
          },
          "sensitive_attributes": [],
          "private": "eyJlMmJmYjczMC1lY2FhLTExZTYtOGY4OC0zNDM2M2JjN2M0YzAiOnsiY3JlYXRlIjoxODAwMDAwMDAwMDAwLCJkZWxldGUiOjE4MDAwMDAwMDAwMDAsInJlYWQiOjMwMDAwMDAwMDAwMCwidXBkYXRlIjoxODAwMDAwMDAwMDAwfX0=",
          "dependencies": [
            "azurerm_resource_group.rg",
            "random_pet.rg_name"
          ]
        }
      ]
    },
    {
      "mode": "managed",
      "type": "azurerm_resource_group",
      "name": "rg",
      "provider": "provider[\"registry.terraform.io/hashicorp/azurerm\"]",
      "instances": [
        {
          "schema_version": 0,
          "attributes": {
            "id": "/subscriptions/e34d9c9a-49b3-473e-b54e-576b28da1565/resourceGroups/rg-inspired-husky",
            "location": "eastus",
            "managed_by": "",
            "name": "rg-inspired-husky",
            "tags": null,
            "timeouts": null
          },
          "sensitive_attributes": [],
          "private": "eyJlMmJmYjczMC1lY2FhLTExZTYtOGY4OC0zNDM2M2JjN2M0YzAiOnsiY3JlYXRlIjo1NDAwMDAwMDAwMDAwLCJkZWxldGUiOjU0MDAwMDAwMDAwMDAsInJlYWQiOjMwMDAwMDAwMDAwMCwidXBkYXRlIjo1NDAwMDAwMDAwMDAwfX0=",
          "dependencies": [
            "random_pet.rg_name"
          ]
        }
      ]
    },
    {
      "mode": "managed",
      "type": "azurerm_storage_account",
      "name": "my_storage_account",
      "provider": "provider[\"registry.terraform.io/hashicorp/azurerm\"]",
      "instances": [
        {
          "schema_version": 4,
          "attributes": {
            "access_tier": "Hot",
            "account_kind": "StorageV2",
            "account_replication_type": "LRS",
            "account_tier": "Standard",
            "allow_nested_items_to_be_public": true,
            "allowed_copy_scope": "",
            "azure_files_authentication": [],
            "blob_properties": [
              {
                "change_feed_enabled": false,
                "change_feed_retention_in_days": 0,
                "container_delete_retention_policy": [],
                "cors_rule": [],
                "default_service_version": "",
                "delete_retention_policy": [],
                "last_access_time_enabled": false,
                "restore_policy": [],
                "versioning_enabled": false
              }
            ],
            "cross_tenant_replication_enabled": true,
            "custom_domain": [],
            "customer_managed_key": [],
            "default_to_oauth_authentication": false,
            "dns_endpoint_type": "Standard",
            "edge_zone": "",
            "enable_https_traffic_only": true,
            "https_traffic_only_enabled": true,
            "id": "/subscriptions/e34d9c9a-49b3-473e-b54e-576b28da1565/resourceGroups/rg-inspired-husky/providers/Microsoft.Storage/storageAccounts/diag40cd13cc14e772bd",
            "identity": [],
            "immutability_policy": [],
            "infrastructure_encryption_enabled": false,
            "is_hns_enabled": false,
            "large_file_share_enabled": false,
            "local_user_enabled": true,
            "location": "eastus",
            "min_tls_version": "TLS1_2",
            "name": "diag40cd13cc14e772bd",
            "network_rules": [],
            "nfsv3_enabled": false,
            "primary_access_key": "0AxcMbms/JgnhYBhbQUEUPSI3subvMt76CgeNr70z+YQNpGhv3z6qaukr60BNJEkHqrkyITk+W9T+AStwQIZ8Q==",
            "primary_blob_connection_string": "DefaultEndpointsProtocol=https;BlobEndpoint=https://diag40cd13cc14e772bd.blob.core.windows.net/;AccountName=diag40cd13cc14e772bd;AccountKey=0AxcMbms/JgnhYBhbQUEUPSI3subvMt76CgeNr70z+YQNpGhv3z6qaukr60BNJEkHqrkyITk+W9T+AStwQIZ8Q==",
            "primary_blob_endpoint": "https://diag40cd13cc14e772bd.blob.core.windows.net/",
            "primary_blob_host": "diag40cd13cc14e772bd.blob.core.windows.net",
            "primary_blob_internet_endpoint": "",
            "primary_blob_internet_host": "",
            "primary_blob_microsoft_endpoint": "",
            "primary_blob_microsoft_host": "",
            "primary_connection_string": "DefaultEndpointsProtocol=https;AccountName=diag40cd13cc14e772bd;AccountKey=0AxcMbms/JgnhYBhbQUEUPSI3subvMt76CgeNr70z+YQNpGhv3z6qaukr60BNJEkHqrkyITk+W9T+AStwQIZ8Q==;EndpointSuffix=core.windows.net",
            "primary_dfs_endpoint": "https://diag40cd13cc14e772bd.dfs.core.windows.net/",
            "primary_dfs_host": "diag40cd13cc14e772bd.dfs.core.windows.net",
            "primary_dfs_internet_endpoint": "",
            "primary_dfs_internet_host": "",
            "primary_dfs_microsoft_endpoint": "",
            "primary_dfs_microsoft_host": "",
            "primary_file_endpoint": "https://diag40cd13cc14e772bd.file.core.windows.net/",
            "primary_file_host": "diag40cd13cc14e772bd.file.core.windows.net",
            "primary_file_internet_endpoint": "",
            "primary_file_internet_host": "",
            "primary_file_microsoft_endpoint": "",
            "primary_file_microsoft_host": "",
            "primary_location": "eastus",
            "primary_queue_endpoint": "https://diag40cd13cc14e772bd.queue.core.windows.net/",
            "primary_queue_host": "diag40cd13cc14e772bd.queue.core.windows.net",
            "primary_queue_microsoft_endpoint": "",
            "primary_queue_microsoft_host": "",
            "primary_table_endpoint": "https://diag40cd13cc14e772bd.table.core.windows.net/",
            "primary_table_host": "diag40cd13cc14e772bd.table.core.windows.net",
            "primary_table_microsoft_endpoint": "",
            "primary_table_microsoft_host": "",
            "primary_web_endpoint": "https://diag40cd13cc14e772bd.z13.web.core.windows.net/",
            "primary_web_host": "diag40cd13cc14e772bd.z13.web.core.windows.net",
            "primary_web_internet_endpoint": "",
            "primary_web_internet_host": "",
            "primary_web_microsoft_endpoint": "",
            "primary_web_microsoft_host": "",
            "public_network_access_enabled": true,
            "queue_encryption_key_type": "Service",
            "queue_properties": [
              {
                "cors_rule": [],
                "hour_metrics": [
                  {
                    "enabled": false,
                    "include_apis": false,
                    "retention_policy_days": 0,
                    "version": "1.0"
                  }
                ],
                "logging": [
                  {
                    "delete": false,
                    "read": false,
                    "retention_policy_days": 0,
                    "version": "1.0",
                    "write": false
                  }
                ],
                "minute_metrics": [
                  {
                    "enabled": false,
                    "include_apis": false,
                    "retention_policy_days": 0,
                    "version": "1.0"
                  }
                ]
              }
            ],
            "resource_group_name": "rg-inspired-husky",
            "routing": [],
            "sas_policy": [],
            "secondary_access_key": "ANvNqc6f0NibteUG6g2ZglsuZ75vWKUaciZeYB9shUlga3C5pLz53laJNabVuxwnicvm01gS35b1+AStfhLDwA==",
            "secondary_blob_connection_string": "",
            "secondary_blob_endpoint": "",
            "secondary_blob_host": "",
            "secondary_blob_internet_endpoint": "",
            "secondary_blob_internet_host": "",
            "secondary_blob_microsoft_endpoint": "",
            "secondary_blob_microsoft_host": "",
            "secondary_connection_string": "DefaultEndpointsProtocol=https;AccountName=diag40cd13cc14e772bd;AccountKey=ANvNqc6f0NibteUG6g2ZglsuZ75vWKUaciZeYB9shUlga3C5pLz53laJNabVuxwnicvm01gS35b1+AStfhLDwA==;EndpointSuffix=core.windows.net",
            "secondary_dfs_endpoint": "",
            "secondary_dfs_host": "",
            "secondary_dfs_internet_endpoint": "",
            "secondary_dfs_internet_host": "",
            "secondary_dfs_microsoft_endpoint": "",
            "secondary_dfs_microsoft_host": "",
            "secondary_file_endpoint": "",
            "secondary_file_host": "",
            "secondary_file_internet_endpoint": "",
            "secondary_file_internet_host": "",
            "secondary_file_microsoft_endpoint": "",
            "secondary_file_microsoft_host": "",
            "secondary_location": "",
            "secondary_queue_endpoint": "",
            "secondary_queue_host": "",
            "secondary_queue_microsoft_endpoint": "",
            "secondary_queue_microsoft_host": "",
            "secondary_table_endpoint": "",
            "secondary_table_host": "",
            "secondary_table_microsoft_endpoint": "",
            "secondary_table_microsoft_host": "",
            "secondary_web_endpoint": "",
            "secondary_web_host": "",
            "secondary_web_internet_endpoint": "",
            "secondary_web_internet_host": "",
            "secondary_web_microsoft_endpoint": "",
            "secondary_web_microsoft_host": "",
            "sftp_enabled": false,
            "share_properties": [
              {
                "cors_rule": [],
                "retention_policy": [
                  {
                    "days": 7
                  }
                ],
                "smb": []
              }
            ],
            "shared_access_key_enabled": true,
            "static_website": [],
            "table_encryption_key_type": "Service",
            "tags": null,
            "timeouts": null
          },
          "sensitive_attributes": [
            [
              {
                "type": "get_attr",
                "value": "primary_blob_connection_string"
              }
            ],
            [
              {
                "type": "get_attr",
                "value": "primary_access_key"
              }
            ],
            [
              {
                "type": "get_attr",
                "value": "primary_connection_string"
              }
            ],
            [
              {
                "type": "get_attr",
                "value": "secondary_access_key"
              }
            ],
            [
              {
                "type": "get_attr",
                "value": "secondary_connection_string"
              }
            ],
            [
              {
                "type": "get_attr",
                "value": "secondary_blob_connection_string"
              }
            ]
          ],
          "private": "eyJlMmJmYjczMC1lY2FhLTExZTYtOGY4OC0zNDM2M2JjN2M0YzAiOnsiY3JlYXRlIjozNjAwMDAwMDAwMDAwLCJkZWxldGUiOjM2MDAwMDAwMDAwMDAsInJlYWQiOjMwMDAwMDAwMDAwMCwidXBkYXRlIjozNjAwMDAwMDAwMDAwfSwic2NoZW1hX3ZlcnNpb24iOiI0In0=",
          "dependencies": [
            "azurerm_resource_group.rg",
            "random_id.random_id",
            "random_pet.rg_name"
          ]
        }
      ]
    },
    {
      "mode": "managed",
      "type": "azurerm_subnet",
      "name": "my_terraform_subnet",
      "provider": "provider[\"registry.terraform.io/hashicorp/azurerm\"]",
      "instances": [
        {
          "schema_version": 0,
          "attributes": {
            "address_prefixes": [
              "10.0.1.0/24"
            ],
            "default_outbound_access_enabled": true,
            "delegation": [],
            "enforce_private_link_endpoint_network_policies": false,
            "enforce_private_link_service_network_policies": false,
            "id": "/subscriptions/e34d9c9a-49b3-473e-b54e-576b28da1565/resourceGroups/rg-inspired-husky/providers/Microsoft.Network/virtualNetworks/myVnet/subnets/mySubnet",
            "name": "mySubnet",
            "private_endpoint_network_policies": "Enabled",
            "private_endpoint_network_policies_enabled": true,
            "private_link_service_network_policies_enabled": true,
            "resource_group_name": "rg-inspired-husky",
            "service_endpoint_policy_ids": null,
            "service_endpoints": null,
            "timeouts": null,
            "virtual_network_name": "myVnet"
          },
          "sensitive_attributes": [],
          "private": "eyJlMmJmYjczMC1lY2FhLTExZTYtOGY4OC0zNDM2M2JjN2M0YzAiOnsiY3JlYXRlIjoxODAwMDAwMDAwMDAwLCJkZWxldGUiOjE4MDAwMDAwMDAwMDAsInJlYWQiOjMwMDAwMDAwMDAwMCwidXBkYXRlIjoxODAwMDAwMDAwMDAwfX0=",
          "dependencies": [
            "azurerm_resource_group.rg",
            "azurerm_virtual_network.my_terraform_network",
            "random_pet.rg_name"
          ]
        }
      ]
    },
    {
      "mode": "managed",
      "type": "azurerm_virtual_network",
      "name": "my_terraform_network",
      "provider": "provider[\"registry.terraform.io/hashicorp/azurerm\"]",
      "instances": [
        {
          "schema_version": 0,
          "attributes": {
            "address_space": [
              "10.0.0.0/16"
            ],
            "bgp_community": "",
            "ddos_protection_plan": [],
            "dns_servers": [],
            "edge_zone": "",
            "encryption": [],
            "flow_timeout_in_minutes": 0,
            "guid": "d89c68c9-700f-4617-8fc6-706956c6372f",
            "id": "/subscriptions/e34d9c9a-49b3-473e-b54e-576b28da1565/resourceGroups/rg-inspired-husky/providers/Microsoft.Network/virtualNetworks/myVnet",
            "location": "eastus",
            "name": "myVnet",
            "resource_group_name": "rg-inspired-husky",
            "subnet": [],
            "tags": null,
            "timeouts": null
          },
          "sensitive_attributes": [],
          "private": "eyJlMmJmYjczMC1lY2FhLTExZTYtOGY4OC0zNDM2M2JjN2M0YzAiOnsiY3JlYXRlIjoxODAwMDAwMDAwMDAwLCJkZWxldGUiOjE4MDAwMDAwMDAwMDAsInJlYWQiOjMwMDAwMDAwMDAwMCwidXBkYXRlIjoxODAwMDAwMDAwMDAwfX0=",
          "dependencies": [
            "azurerm_resource_group.rg",
            "random_pet.rg_name"
          ]
        }
      ]
    },
    {
      "mode": "managed",
      "type": "random_id",
      "name": "random_id",
      "provider": "provider[\"registry.terraform.io/hashicorp/random\"]",
      "instances": [
        {
          "schema_version": 0,
          "attributes": {
            "b64_std": "QM0TzBTncr0=",
            "b64_url": "QM0TzBTncr0",
            "byte_length": 8,
            "dec": "4669410155898041021",
            "hex": "40cd13cc14e772bd",
            "id": "QM0TzBTncr0",
            "keepers": {
              "resource_group": "rg-inspired-husky"
            },
            "prefix": null
          },
          "sensitive_attributes": [],
          "dependencies": [
            "azurerm_resource_group.rg",
            "random_pet.rg_name"
          ]
        }
      ]
    },
    {
      "mode": "managed",
      "type": "random_pet",
      "name": "rg_name",
      "provider": "provider[\"registry.terraform.io/hashicorp/random\"]",
      "instances": [
        {
          "schema_version": 0,
          "attributes": {
            "id": "rg-inspired-husky",
            "keepers": null,
            "length": 2,
            "prefix": "rg",
            "separator": "-"
          },
          "sensitive_attributes": []
        }
      ]
    },
    {
      "mode": "managed",
      "type": "random_pet",
      "name": "ssh_key_name",
      "provider": "provider[\"registry.terraform.io/hashicorp/random\"]",
      "instances": [
        {
          "schema_version": 0,
          "attributes": {
            "id": "sshprecisecub",
            "keepers": null,
            "length": 2,
            "prefix": "ssh",
            "separator": ""
          },
          "sensitive_attributes": []
        }
      ]
    }
  ],
  "check_results": null
}
